
Microsoft Visual Studio Solution File, Format Version 12.00
# Visual Studio Version 16
VisualStudioVersion = 16.0.32602.291
MinimumVisualStudioVersion = 10.0.40219.1
Project("{FAE04EC0-301F-11D3-BF4B-00C04F79EFBC}") = "ReenbitTask", "ReenbitTask\ReenbitTask.csproj", "{F7366F22-315B-4939-B296-DC2B49BA9318}"
EndProject
Global
	GlobalSection(SolutionConfigurationPlatforms) = preSolution
		Debug|Any CPU = Debug|Any CPU
		Release|Any CPU = Release|Any CPU
	EndGlobalSection
	GlobalSection(ProjectConfigurationPlatforms) = postSolution
		{F7366F22-315B-4939-B296-DC2B49BA9318}.Debug|Any CPU.ActiveCfg = Debug|Any CPU
		{F7366F22-315B-4939-B296-DC2B49BA9318}.Debug|Any CPU.Build.0 = Debug|Any CPU
		{F7366F22-315B-4939-B296-DC2B49BA9318}.Release|Any CPU.ActiveCfg = Release|Any CPU
		{F7366F22-315B-4939-B296-DC2B49BA9318}.Release|Any CPU.Build.0 = Release|Any CPU
	EndGlobalSection
	GlobalSection(SolutionProperties) = preSolution
		HideSolutionNode = FALSE
	EndGlobalSection
	GlobalSection(ExtensibilityGlobals) = postSolution
		SolutionGuid = {CE852E9B-ED95-496E-A3AB-53BD12D52ABA}
	EndGlobalSection
EndGlobal
